
Microsoft Visual Studio Solution File, Format Version 12.00
Project("{FAE04EC0-301F-11D3-BF4B-00C04F79EFBC}") = "Chirp.CLI.Client", "src\Chirp.CLI.Client\Chirp.CLI.Client.csproj", "{D6796825-76C8-4ADA-A0B9-CCB62FCE9FDB}"
EndProject
Project("{FAE04EC0-301F-11D3-BF4B-00C04F79EFBC}") = "SimpleDB", "src\SimpleDB\SimpleDB.csproj", "{B55AD19B-195F-49B6-BC9D-8412B7CD262D}"
EndProject
Project("{FAE04EC0-301F-11D3-BF4B-00C04F79EFBC}") = "Chirp.SimpleDB.Tests", "test\Chirp.SimpleDB.Tests\Chirp.SimpleDB.Tests.csproj", "{A31AABCA-B491-4247-8BD6-9FE261B5BF27}"
EndProject
Project("{FAE04EC0-301F-11D3-BF4B-00C04F79EFBC}") = "Chirp.CLI.Client.Test", "test\Chirp.CLI.Client.Test\Chirp.CLI.Client.Test.csproj", "{BCB4A2A2-F16A-4088-9C91-6B20BA8141C0}"
EndProject
Project("{FAE04EC0-301F-11D3-BF4B-00C04F79EFBC}") = "Chirp.CSVDBService", "src\Chirp.CSVDBService\Chirp.CSVDBService.csproj", "{1C054740-CD2F-4439-AA2B-CA20CE4D6A9A}"
EndProject
Project("{FAE04EC0-301F-11D3-BF4B-00C04F79EFBC}") = "Chirp.CSVDBService.Test", "test\Chirp.CSVDBService.Test\Chirp.CSVDBService.Test.csproj", "{565D0CD3-C146-4B0D-A891-7E8C79645036}"
EndProject
Global
	GlobalSection(SolutionConfigurationPlatforms) = preSolution
		Debug|Any CPU = Debug|Any CPU
		Release|Any CPU = Release|Any CPU
	EndGlobalSection
	GlobalSection(ProjectConfigurationPlatforms) = postSolution
		{D6796825-76C8-4ADA-A0B9-CCB62FCE9FDB}.Debug|Any CPU.ActiveCfg = Debug|Any CPU
		{D6796825-76C8-4ADA-A0B9-CCB62FCE9FDB}.Debug|Any CPU.Build.0 = Debug|Any CPU
		{D6796825-76C8-4ADA-A0B9-CCB62FCE9FDB}.Release|Any CPU.ActiveCfg = Release|Any CPU
		{D6796825-76C8-4ADA-A0B9-CCB62FCE9FDB}.Release|Any CPU.Build.0 = Release|Any CPU
		{B55AD19B-195F-49B6-BC9D-8412B7CD262D}.Debug|Any CPU.ActiveCfg = Debug|Any CPU
		{B55AD19B-195F-49B6-BC9D-8412B7CD262D}.Debug|Any CPU.Build.0 = Debug|Any CPU
		{B55AD19B-195F-49B6-BC9D-8412B7CD262D}.Release|Any CPU.ActiveCfg = Release|Any CPU
		{B55AD19B-195F-49B6-BC9D-8412B7CD262D}.Release|Any CPU.Build.0 = Release|Any CPU
		{A31AABCA-B491-4247-8BD6-9FE261B5BF27}.Debug|Any CPU.ActiveCfg = Debug|Any CPU
		{A31AABCA-B491-4247-8BD6-9FE261B5BF27}.Debug|Any CPU.Build.0 = Debug|Any CPU
		{A31AABCA-B491-4247-8BD6-9FE261B5BF27}.Release|Any CPU.ActiveCfg = Release|Any CPU
		{A31AABCA-B491-4247-8BD6-9FE261B5BF27}.Release|Any CPU.Build.0 = Release|Any CPU
		{BCB4A2A2-F16A-4088-9C91-6B20BA8141C0}.Debug|Any CPU.ActiveCfg = Debug|Any CPU
		{BCB4A2A2-F16A-4088-9C91-6B20BA8141C0}.Debug|Any CPU.Build.0 = Debug|Any CPU
		{BCB4A2A2-F16A-4088-9C91-6B20BA8141C0}.Release|Any CPU.ActiveCfg = Release|Any CPU
		{BCB4A2A2-F16A-4088-9C91-6B20BA8141C0}.Release|Any CPU.Build.0 = Release|Any CPU
		{1C054740-CD2F-4439-AA2B-CA20CE4D6A9A}.Debug|Any CPU.ActiveCfg = Debug|Any CPU
		{1C054740-CD2F-4439-AA2B-CA20CE4D6A9A}.Debug|Any CPU.Build.0 = Debug|Any CPU
		{1C054740-CD2F-4439-AA2B-CA20CE4D6A9A}.Release|Any CPU.ActiveCfg = Release|Any CPU
		{1C054740-CD2F-4439-AA2B-CA20CE4D6A9A}.Release|Any CPU.Build.0 = Release|Any CPU
		{565D0CD3-C146-4B0D-A891-7E8C79645036}.Debug|Any CPU.ActiveCfg = Debug|Any CPU
		{565D0CD3-C146-4B0D-A891-7E8C79645036}.Debug|Any CPU.Build.0 = Debug|Any CPU
		{565D0CD3-C146-4B0D-A891-7E8C79645036}.Release|Any CPU.ActiveCfg = Release|Any CPU
		{565D0CD3-C146-4B0D-A891-7E8C79645036}.Release|Any CPU.Build.0 = Release|Any CPU
	EndGlobalSection
EndGlobal
